// !$*UTF8*$!
{
	archiveVersion = 1;
	classes = {
	};
	objectVersion = 50;
	objects = {

/* Begin PBXBuildFile section */
		AF4DDE6024B888D400C90DC2 /* AppDelegate.swift in Sources */ = {isa = PBXBuildFile; fileRef = AF4DDE5F24B888D400C90DC2 /* AppDelegate.swift */; };
		AF4DDE6224B888D400C90DC2 /* SceneDelegate.swift in Sources */ = {isa = PBXBuildFile; fileRef = AF4DDE6124B888D400C90DC2 /* SceneDelegate.swift */; };
		AF4DDE6424B888D400C90DC2 /* ViewController.swift in Sources */ = {isa = PBXBuildFile; fileRef = AF4DDE6324B888D400C90DC2 /* ViewController.swift */; };
		AF4DDE6924B888EA00C90DC2 /* Assets.xcassets in Resources */ = {isa = PBXBuildFile; fileRef = AF4DDE6824B888EA00C90DC2 /* Assets.xcassets */; };
		AF4DDE6C24B888EA00C90DC2 /* LaunchScreen.storyboard in Resources */ = {isa = PBXBuildFile; fileRef = AF4DDE6A24B888EA00C90DC2 /* LaunchScreen.storyboard */; };
		AF4DDE7724B888EB00C90DC2 /* dynamic_scrollviewTests.swift in Sources */ = {isa = PBXBuildFile; fileRef = AF4DDE7624B888EB00C90DC2 /* dynamic_scrollviewTests.swift */; };
		AF4DDE8224B888EB00C90DC2 /* dynamic_scrollviewUITests.swift in Sources */ = {isa = PBXBuildFile; fileRef = AF4DDE8124B888EB00C90DC2 /* dynamic_scrollviewUITests.swift */; };
		AF4DDE9124B88C0700C90DC2 /* MovieCell.swift in Sources */ = {isa = PBXBuildFile; fileRef = AF4DDE8F24B88C0600C90DC2 /* MovieCell.swift */; };
		AF4DDE9224B88C0700C90DC2 /* MovieCell.xib in Resources */ = {isa = PBXBuildFile; fileRef = AF4DDE9024B88C0700C90DC2 /* MovieCell.xib */; };
		AF4DDE9424B8BE0E00C90DC2 /* TestCell.swift in Sources */ = {isa = PBXBuildFile; fileRef = AF4DDE9324B8BE0D00C90DC2 /* TestCell.swift */; };
		AF4DDE9624B8E87D00C90DC2 /* Main.storyboard in Resources */ = {isa = PBXBuildFile; fileRef = AF4DDE9524B8E87D00C90DC2 /* Main.storyboard */; };
		AF4DDE9F24B908B200C90DC2 /* SingleCategoryVC.xib in Resources */ = {isa = PBXBuildFile; fileRef = AF4DDE9A24B908B200C90DC2 /* SingleCategoryVC.xib */; };
		AF4DDEA024B908B200C90DC2 /* SingleCategoryVC.swift in Sources */ = {isa = PBXBuildFile; fileRef = AF4DDE9B24B908B200C90DC2 /* SingleCategoryVC.swift */; };
		AF4DDEA124B908B200C90DC2 /* SliderCell.swift in Sources */ = {isa = PBXBuildFile; fileRef = AF4DDE9C24B908B200C90DC2 /* SliderCell.swift */; };
		AF4DDEA224B908B200C90DC2 /* Header.swift in Sources */ = {isa = PBXBuildFile; fileRef = AF4DDE9D24B908B200C90DC2 /* Header.swift */; };
		AF4DDEA324B908B200C90DC2 /* SliderCell.xib in Resources */ = {isa = PBXBuildFile; fileRef = AF4DDE9E24B908B200C90DC2 /* SliderCell.xib */; };
/* End PBXBuildFile section */

/* Begin PBXContainerItemProxy section */
		AF4DDE7324B888EB00C90DC2 /* PBXContainerItemProxy */ = {
			isa = PBXContainerItemProxy;
			containerPortal = AF4DDE5424B888D400C90DC2 /* Project object */;
			proxyType = 1;
			remoteGlobalIDString = AF4DDE5B24B888D400C90DC2;
			remoteInfo = "dynamic scrollview";
		};
		AF4DDE7E24B888EB00C90DC2 /* PBXContainerItemProxy */ = {
			isa = PBXContainerItemProxy;
			containerPortal = AF4DDE5424B888D400C90DC2 /* Project object */;
			proxyType = 1;
			remoteGlobalIDString = AF4DDE5B24B888D400C90DC2;
			remoteInfo = "dynamic scrollview";
		};
/* End PBXContainerItemProxy section */

/* Begin PBXFileReference section */
		AF4DDE5C24B888D400C90DC2 /* dynamic scrollview.app */ = {isa = PBXFileReference; explicitFileType = wrapper.application; includeInIndex = 0; path = "dynamic scrollview.app"; sourceTree = BUILT_PRODUCTS_DIR; };
		AF4DDE5F24B888D400C90DC2 /* AppDelegate.swift */ = {isa = PBXFileReference; lastKnownFileType = sourcecode.swift; path = AppDelegate.swift; sourceTree = "<group>"; };
		AF4DDE6124B888D400C90DC2 /* SceneDelegate.swift */ = {isa = PBXFileReference; lastKnownFileType = sourcecode.swift; path = SceneDelegate.swift; sourceTree = "<group>"; };
		AF4DDE6324B888D400C90DC2 /* ViewController.swift */ = {isa = PBXFileReference; lastKnownFileType = sourcecode.swift; path = ViewController.swift; sourceTree = "<group>"; };
		AF4DDE6824B888EA00C90DC2 /* Assets.xcassets */ = {isa = PBXFileReference; lastKnownFileType = folder.assetcatalog; path = Assets.xcassets; sourceTree = "<group>"; };
		AF4DDE6B24B888EA00C90DC2 /* Base */ = {isa = PBXFileReference; lastKnownFileType = file.storyboard; name = Base; path = Base.lproj/LaunchScreen.storyboard; sourceTree = "<group>"; };
		AF4DDE6D24B888EA00C90DC2 /* Info.plist */ = {isa = PBXFileReference; lastKnownFileType = text.plist.xml; path = Info.plist; sourceTree = "<group>"; };
		AF4DDE7224B888EB00C90DC2 /* dynamic scrollviewTests.xctest */ = {isa = PBXFileReference; explicitFileType = wrapper.cfbundle; includeInIndex = 0; path = "dynamic scrollviewTests.xctest"; sourceTree = BUILT_PRODUCTS_DIR; };
		AF4DDE7624B888EB00C90DC2 /* dynamic_scrollviewTests.swift */ = {isa = PBXFileReference; lastKnownFileType = sourcecode.swift; path = dynamic_scrollviewTests.swift; sourceTree = "<group>"; };
		AF4DDE7824B888EB00C90DC2 /* Info.plist */ = {isa = PBXFileReference; lastKnownFileType = text.plist.xml; path = Info.plist; sourceTree = "<group>"; };
		AF4DDE7D24B888EB00C90DC2 /* dynamic scrollviewUITests.xctest */ = {isa = PBXFileReference; explicitFileType = wrapper.cfbundle; includeInIndex = 0; path = "dynamic scrollviewUITests.xctest"; sourceTree = BUILT_PRODUCTS_DIR; };
		AF4DDE8124B888EB00C90DC2 /* dynamic_scrollviewUITests.swift */ = {isa = PBXFileReference; lastKnownFileType = sourcecode.swift; path = dynamic_scrollviewUITests.swift; sourceTree = "<group>"; };
		AF4DDE8324B888EB00C90DC2 /* Info.plist */ = {isa = PBXFileReference; lastKnownFileType = text.plist.xml; path = Info.plist; sourceTree = "<group>"; };
		AF4DDE8F24B88C0600C90DC2 /* MovieCell.swift */ = {isa = PBXFileReference; fileEncoding = 4; lastKnownFileType = sourcecode.swift; path = MovieCell.swift; sourceTree = "<group>"; };
		AF4DDE9024B88C0700C90DC2 /* MovieCell.xib */ = {isa = PBXFileReference; fileEncoding = 4; lastKnownFileType = file.xib; path = MovieCell.xib; sourceTree = "<group>"; };
		AF4DDE9324B8BE0D00C90DC2 /* TestCell.swift */ = {isa = PBXFileReference; lastKnownFileType = sourcecode.swift; path = TestCell.swift; sourceTree = "<group>"; };
		AF4DDE9524B8E87D00C90DC2 /* Main.storyboard */ = {isa = PBXFileReference; fileEncoding = 4; lastKnownFileType = file.storyboard; path = Main.storyboard; sourceTree = "<group>"; };
		AF4DDE9A24B908B200C90DC2 /* SingleCategoryVC.xib */ = {isa = PBXFileReference; fileEncoding = 4; lastKnownFileType = file.xib; path = SingleCategoryVC.xib; sourceTree = "<group>"; };
		AF4DDE9B24B908B200C90DC2 /* SingleCategoryVC.swift */ = {isa = PBXFileReference; fileEncoding = 4; lastKnownFileType = sourcecode.swift; path = SingleCategoryVC.swift; sourceTree = "<group>"; };
		AF4DDE9C24B908B200C90DC2 /* SliderCell.swift */ = {isa = PBXFileReference; fileEncoding = 4; lastKnownFileType = sourcecode.swift; path = SliderCell.swift; sourceTree = "<group>"; };
		AF4DDE9D24B908B200C90DC2 /* Header.swift */ = {isa = PBXFileReference; fileEncoding = 4; lastKnownFileType = sourcecode.swift; path = Header.swift; sourceTree = "<group>"; };
		AF4DDE9E24B908B200C90DC2 /* SliderCell.xib */ = {isa = PBXFileReference; fileEncoding = 4; lastKnownFileType = file.xib; path = SliderCell.xib; sourceTree = "<group>"; };
/* End PBXFileReference section */

/* Begin PBXFrameworksBuildPhase section */
		AF4DDE5924B888D400C90DC2 /* Frameworks */ = {
			isa = PBXFrameworksBuildPhase;
			buildActionMask = 2147483647;
			files = (
			);
			runOnlyForDeploymentPostprocessing = 0;
		};
		AF4DDE6F24B888EB00C90DC2 /* Frameworks */ = {
			isa = PBXFrameworksBuildPhase;
			buildActionMask = 2147483647;
			files = (
			);
			runOnlyForDeploymentPostprocessing = 0;
		};
		AF4DDE7A24B888EB00C90DC2 /* Frameworks */ = {
			isa = PBXFrameworksBuildPhase;
			buildActionMask = 2147483647;
			files = (
			);
			runOnlyForDeploymentPostprocessing = 0;
		};
/* End PBXFrameworksBuildPhase section */

/* Begin PBXGroup section */
		AF4DDE5324B888D400C90DC2 = {
			isa = PBXGroup;
			children = (
				AF4DDE5E24B888D400C90DC2 /* dynamic scrollview */,
				AF4DDE7524B888EB00C90DC2 /* dynamic scrollviewTests */,
				AF4DDE8024B888EB00C90DC2 /* dynamic scrollviewUITests */,
				AF4DDE5D24B888D400C90DC2 /* Products */,
			);
			sourceTree = "<group>";
		};
		AF4DDE5D24B888D400C90DC2 /* Products */ = {
			isa = PBXGroup;
			children = (
				AF4DDE5C24B888D400C90DC2 /* dynamic scrollview.app */,
				AF4DDE7224B888EB00C90DC2 /* dynamic scrollviewTests.xctest */,
				AF4DDE7D24B888EB00C90DC2 /* dynamic scrollviewUITests.xctest */,
			);
			name = Products;
			sourceTree = "<group>";
		};
		AF4DDE5E24B888D400C90DC2 /* dynamic scrollview */ = {
			isa = PBXGroup;
			children = (
				AF4DDE9924B9089C00C90DC2 /* Views */,
				AF4DDE5F24B888D400C90DC2 /* AppDelegate.swift */,
				AF4DDE8F24B88C0600C90DC2 /* MovieCell.swift */,
				AF4DDE9024B88C0700C90DC2 /* MovieCell.xib */,
				AF4DDE6124B888D400C90DC2 /* SceneDelegate.swift */,
				AF4DDE6324B888D400C90DC2 /* ViewController.swift */,
				AF4DDE9524B8E87D00C90DC2 /* Main.storyboard */,
				AF4DDE6824B888EA00C90DC2 /* Assets.xcassets */,
				AF4DDE6A24B888EA00C90DC2 /* LaunchScreen.storyboard */,
				AF4DDE6D24B888EA00C90DC2 /* Info.plist */,
				AF4DDE9324B8BE0D00C90DC2 /* TestCell.swift */,
			);
			path = "dynamic scrollview";
			sourceTree = "<group>";
		};
		AF4DDE7524B888EB00C90DC2 /* dynamic scrollviewTests */ = {
			isa = PBXGroup;
			children = (
				AF4DDE7624B888EB00C90DC2 /* dynamic_scrollviewTests.swift */,
				AF4DDE7824B888EB00C90DC2 /* Info.plist */,
			);
			path = "dynamic scrollviewTests";
			sourceTree = "<group>";
		};
		AF4DDE8024B888EB00C90DC2 /* dynamic scrollviewUITests */ = {
			isa = PBXGroup;
			children = (
				AF4DDE8124B888EB00C90DC2 /* dynamic_scrollviewUITests.swift */,
				AF4DDE8324B888EB00C90DC2 /* Info.plist */,
			);
			path = "dynamic scrollviewUITests";
			sourceTree = "<group>";
		};
		AF4DDE9924B9089C00C90DC2 /* Views */ = {
			isa = PBXGroup;
			children = (
				AF4DDE9D24B908B200C90DC2 /* Header.swift */,
				AF4DDE9B24B908B200C90DC2 /* SingleCategoryVC.swift */,
				AF4DDE9A24B908B200C90DC2 /* SingleCategoryVC.xib */,
				AF4DDE9C24B908B200C90DC2 /* SliderCell.swift */,
				AF4DDE9E24B908B200C90DC2 /* SliderCell.xib */,
			);
			path = Views;
			sourceTree = "<group>";
		};
/* End PBXGroup section */

/* Begin PBXNativeTarget section */
		AF4DDE5B24B888D400C90DC2 /* dynamic scrollview */ = {
			isa = PBXNativeTarget;
			buildConfigurationList = AF4DDE8624B888EB00C90DC2 /* Build configuration list for PBXNativeTarget "dynamic scrollview" */;
			buildPhases = (
				AF4DDE5824B888D400C90DC2 /* Sources */,
				AF4DDE5924B888D400C90DC2 /* Frameworks */,
				AF4DDE5A24B888D400C90DC2 /* Resources */,
			);
			buildRules = (
			);
			dependencies = (
			);
			name = "dynamic scrollview";
			productName = "dynamic scrollview";
			productReference = AF4DDE5C24B888D400C90DC2 /* dynamic scrollview.app */;
			productType = "com.apple.product-type.application";
		};
		AF4DDE7124B888EB00C90DC2 /* dynamic scrollviewTests */ = {
			isa = PBXNativeTarget;
			buildConfigurationList = AF4DDE8924B888EB00C90DC2 /* Build configuration list for PBXNativeTarget "dynamic scrollviewTests" */;
			buildPhases = (
				AF4DDE6E24B888EB00C90DC2 /* Sources */,
				AF4DDE6F24B888EB00C90DC2 /* Frameworks */,
				AF4DDE7024B888EB00C90DC2 /* Resources */,
			);
			buildRules = (
			);
			dependencies = (
				AF4DDE7424B888EB00C90DC2 /* PBXTargetDependency */,
			);
			name = "dynamic scrollviewTests";
			productName = "dynamic scrollviewTests";
			productReference = AF4DDE7224B888EB00C90DC2 /* dynamic scrollviewTests.xctest */;
			productType = "com.apple.product-type.bundle.unit-test";
		};
		AF4DDE7C24B888EB00C90DC2 /* dynamic scrollviewUITests */ = {
			isa = PBXNativeTarget;
			buildConfigurationList = AF4DDE8C24B888EB00C90DC2 /* Build configuration list for PBXNativeTarget "dynamic scrollviewUITests" */;
			buildPhases = (
				AF4DDE7924B888EB00C90DC2 /* Sources */,
				AF4DDE7A24B888EB00C90DC2 /* Frameworks */,
				AF4DDE7B24B888EB00C90DC2 /* Resources */,
			);
			buildRules = (
			);
			dependencies = (
				AF4DDE7F24B888EB00C90DC2 /* PBXTargetDependency */,
			);
			name = "dynamic scrollviewUITests";
			productName = "dynamic scrollviewUITests";
			productReference = AF4DDE7D24B888EB00C90DC2 /* dynamic scrollviewUITests.xctest */;
			productType = "com.apple.product-type.bundle.ui-testing";
		};
/* End PBXNativeTarget section */

/* Begin PBXProject section */
		AF4DDE5424B888D400C90DC2 /* Project object */ = {
			isa = PBXProject;
			attributes = {
				LastSwiftUpdateCheck = 1150;
				LastUpgradeCheck = 1150;
				ORGANIZATIONNAME = "Shishir Ahmed";
				TargetAttributes = {
					AF4DDE5B24B888D400C90DC2 = {
						CreatedOnToolsVersion = 11.5;
					};
					AF4DDE7124B888EB00C90DC2 = {
						CreatedOnToolsVersion = 11.5;
						TestTargetID = AF4DDE5B24B888D400C90DC2;
					};
					AF4DDE7C24B888EB00C90DC2 = {
						CreatedOnToolsVersion = 11.5;
						TestTargetID = AF4DDE5B24B888D400C90DC2;
					};
				};
			};
			buildConfigurationList = AF4DDE5724B888D400C90DC2 /* Build configuration list for PBXProject "dynamic scrollview" */;
			compatibilityVersion = "Xcode 9.3";
			developmentRegion = en;
			hasScannedForEncodings = 0;
			knownRegions = (
				en,
				Base,
			);
			mainGroup = AF4DDE5324B888D400C90DC2;
			productRefGroup = AF4DDE5D24B888D400C90DC2 /* Products */;
			projectDirPath = "";
			projectRoot = "";
			targets = (
				AF4DDE5B24B888D400C90DC2 /* dynamic scrollview */,
				AF4DDE7124B888EB00C90DC2 /* dynamic scrollviewTests */,
				AF4DDE7C24B888EB00C90DC2 /* dynamic scrollviewUITests */,
			);
		};
/* End PBXProject section */

/* Begin PBXResourcesBuildPhase section */
		AF4DDE5A24B888D400C90DC2 /* Resources */ = {
			isa = PBXResourcesBuildPhase;
			buildActionMask = 2147483647;
			files = (
				AF4DDE6C24B888EA00C90DC2 /* LaunchScreen.storyboard in Resources */,
				AF4DDE6924B888EA00C90DC2 /* Assets.xcassets in Resources */,
				AF4DDE9F24B908B200C90DC2 /* SingleCategoryVC.xib in Resources */,
				AF4DDEA324B908B200C90DC2 /* SliderCell.xib in Resources */,
				AF4DDE9224B88C0700C90DC2 /* MovieCell.xib in Resources */,
				AF4DDE9624B8E87D00C90DC2 /* Main.storyboard in Resources */,
			);
			runOnlyForDeploymentPostprocessing = 0;
		};
		AF4DDE7024B888EB00C90DC2 /* Resources */ = {
			isa = PBXResourcesBuildPhase;
			buildActionMask = 2147483647;
			files = (
			);
			runOnlyForDeploymentPostprocessing = 0;
		};
		AF4DDE7B24B888EB00C90DC2 /* Resources */ = {
			isa = PBXResourcesBuildPhase;
			buildActionMask = 2147483647;
			files = (
			);
			runOnlyForDeploymentPostprocessing = 0;
		};
/* End PBXResourcesBuildPhase section */

/* Begin PBXSourcesBuildPhase section */
		AF4DDE5824B888D400C90DC2 /* Sources */ = {
			isa = PBXSourcesBuildPhase;
			buildActionMask = 2147483647;
			files = (
				AF4DDEA224B908B200C90DC2 /* Header.swift in Sources */,
				AF4DDE6424B888D400C90DC2 /* ViewController.swift in Sources */,
				AF4DDEA124B908B200C90DC2 /* SliderCell.swift in Sources */,
				AF4DDE6024B888D400C90DC2 /* AppDelegate.swift in Sources */,
				AF4DDE9424B8BE0E00C90DC2 /* TestCell.swift in Sources */,
				AF4DDE9124B88C0700C90DC2 /* MovieCell.swift in Sources */,
				AF4DDEA024B908B200C90DC2 /* SingleCategoryVC.swift in Sources */,
				AF4DDE6224B888D400C90DC2 /* SceneDelegate.swift in Sources */,
			);
			runOnlyForDeploymentPostprocessing = 0;
		};
		AF4DDE6E24B888EB00C90DC2 /* Sources */ = {
			isa = PBXSourcesBuildPhase;
			buildActionMask = 2147483647;
			files = (
				AF4DDE7724B888EB00C90DC2 /* dynamic_scrollviewTests.swift in Sources */,
			);
			runOnlyForDeploymentPostprocessing = 0;
		};
		AF4DDE7924B888EB00C90DC2 /* Sources */ = {
			isa = PBXSourcesBuildPhase;
			buildActionMask = 2147483647;
			files = (
				AF4DDE8224B888EB00C90DC2 /* dynamic_scrollviewUITests.swift in Sources */,
			);
			runOnlyForDeploymentPostprocessing = 0;
		};
/* End PBXSourcesBuildPhase section */

/* Begin PBXTargetDependency section */
		AF4DDE7424B888EB00C90DC2 /* PBXTargetDependency */ = {
			isa = PBXTargetDependency;
			target = AF4DDE5B24B888D400C90DC2 /* dynamic scrollview */;
			targetProxy = AF4DDE7324B888EB00C90DC2 /* PBXContainerItemProxy */;
		};
		AF4DDE7F24B888EB00C90DC2 /* PBXTargetDependency */ = {
			isa = PBXTargetDependency;
			target = AF4DDE5B24B888D400C90DC2 /* dynamic scrollview */;
			targetProxy = AF4DDE7E24B888EB00C90DC2 /* PBXContainerItemProxy */;
		};
/* End PBXTargetDependency section */

/* Begin PBXVariantGroup section */
		AF4DDE6A24B888EA00C90DC2 /* LaunchScreen.storyboard */ = {
			isa = PBXVariantGroup;
			children = (
				AF4DDE6B24B888EA00C90DC2 /* Base */,
			);
			name = LaunchScreen.storyboard;
			sourceTree = "<group>";
		};
/* End PBXVariantGroup section */

/* Begin XCBuildConfiguration section */
		AF4DDE8424B888EB00C90DC2 /* Debug */ = {
			isa = XCBuildConfiguration;
			buildSettings = {
				ALWAYS_SEARCH_USER_PATHS = NO;
				CLANG_ANALYZER_NONNULL = YES;
				CLANG_ANALYZER_NUMBER_OBJECT_CONVERSION = YES_AGGRESSIVE;
				CLANG_CXX_LANGUAGE_STANDARD = "gnu++14";
				CLANG_CXX_LIBRARY = "libc++";
				CLANG_ENABLE_MODULES = YES;
				CLANG_ENABLE_OBJC_ARC = YES;
				CLANG_ENABLE_OBJC_WEAK = YES;
				CLANG_WARN_BLOCK_CAPTURE_AUTORELEASING = YES;
				CLANG_WARN_BOOL_CONVERSION = YES;
				CLANG_WARN_COMMA = YES;
				CLANG_WARN_CONSTANT_CONVERSION = YES;
				CLANG_WARN_DEPRECATED_OBJC_IMPLEMENTATIONS = YES;
				CLANG_WARN_DIRECT_OBJC_ISA_USAGE = YES_ERROR;
				CLANG_WARN_DOCUMENTATION_COMMENTS = YES;
				CLANG_WARN_EMPTY_BODY = YES;
				CLANG_WARN_ENUM_CONVERSION = YES;
				CLANG_WARN_INFINITE_RECURSION = YES;
				CLANG_WARN_INT_CONVERSION = YES;
				CLANG_WARN_NON_LITERAL_NULL_CONVERSION = YES;
				CLANG_WARN_OBJC_IMPLICIT_RETAIN_SELF = YES;
				CLANG_WARN_OBJC_LITERAL_CONVERSION = YES;
				CLANG_WARN_OBJC_ROOT_CLASS = YES_ERROR;
				CLANG_WARN_RANGE_LOOP_ANALYSIS = YES;
				CLANG_WARN_STRICT_PROTOTYPES = YES;
				CLANG_WARN_SUSPICIOUS_MOVE = YES;
				CLANG_WARN_UNGUARDED_AVAILABILITY = YES_AGGRESSIVE;
				CLANG_WARN_UNREACHABLE_CODE = YES;
				CLANG_WARN__DUPLICATE_METHOD_MATCH = YES;
				COPY_PHASE_STRIP = NO;
				DEBUG_INFORMATION_FORMAT = dwarf;
				ENABLE_STRICT_OBJC_MSGSEND = YES;
				ENABLE_TESTABILITY = YES;
				GCC_C_LANGUAGE_STANDARD = gnu11;
				GCC_DYNAMIC_NO_PIC = NO;
				GCC_NO_COMMON_BLOCKS = YES;
				GCC_OPTIMIZATION_LEVEL = 0;
				GCC_PREPROCESSOR_DEFINITIONS = (
					"DEBUG=1",
					"$(inherited)",
				);
				GCC_WARN_64_TO_32_BIT_CONVERSION = YES;
				GCC_WARN_ABOUT_RETURN_TYPE = YES_ERROR;
				GCC_WARN_UNDECLARED_SELECTOR = YES;
				GCC_WARN_UNINITIALIZED_AUTOS = YES_AGGRESSIVE;
				GCC_WARN_UNUSED_FUNCTION = YES;
				GCC_WARN_UNUSED_VARIABLE = YES;
				IPHONEOS_DEPLOYMENT_TARGET = 13.5;
				MTL_ENABLE_DEBUG_INFO = INCLUDE_SOURCE;
				MTL_FAST_MATH = YES;
				ONLY_ACTIVE_ARCH = YES;
				SDKROOT = iphoneos;
				SWIFT_ACTIVE_COMPILATION_CONDITIONS = DEBUG;
				SWIFT_OPTIMIZATION_LEVEL = "-Onone";
			};
			name = Debug;
		};
		AF4DDE8524B888EB00C90DC2 /* Release */ = {
			isa = XCBuildConfiguration;
			buildSettings = {
				ALWAYS_SEARCH_USER_PATHS = NO;
				CLANG_ANALYZER_NONNULL = YES;
				CLANG_ANALYZER_NUMBER_OBJECT_CONVERSION = YES_AGGRESSIVE;
				CLANG_CXX_LANGUAGE_STANDARD = "gnu++14";
				CLANG_CXX_LIBRARY = "libc++";
				CLANG_ENABLE_MODULES = YES;
				CLANG_ENABLE_OBJC_ARC = YES;
				CLANG_ENABLE_OBJC_WEAK = YES;
				CLANG_WARN_BLOCK_CAPTURE_AUTORELEASING = YES;
				CLANG_WARN_BOOL_CONVERSION = YES;
				CLANG_WARN_COMMA = YES;
				CLANG_WARN_CONSTANT_CONVERSION = YES;
				CLANG_WARN_DEPRECATED_OBJC_IMPLEMENTATIONS = YES;
				CLANG_WARN_DIRECT_OBJC_ISA_USAGE = YES_ERROR;
				CLANG_WARN_DOCUMENTATION_COMMENTS = YES;
				CLANG_WARN_EMPTY_BODY = YES;
				CLANG_WARN_ENUM_CONVERSION = YES;
				CLANG_WARN_INFINITE_RECURSION = YES;
				CLANG_WARN_INT_CONVERSION = YES;
				CLANG_WARN_NON_LITERAL_NULL_CONVERSION = YES;
				CLANG_WARN_OBJC_IMPLICIT_RETAIN_SELF = YES;
				CLANG_WARN_OBJC_LITERAL_CONVERSION = YES;
				CLANG_WARN_OBJC_ROOT_CLASS = YES_ERROR;
				CLANG_WARN_RANGE_LOOP_ANALYSIS = YES;
				CLANG_WARN_STRICT_PROTOTYPES = YES;
				CLANG_WARN_SUSPICIOUS_MOVE = YES;
				CLANG_WARN_UNGUARDED_AVAILABILITY = YES_AGGRESSIVE;
				CLANG_WARN_UNREACHABLE_CODE = YES;
				CLANG_WARN__DUPLICATE_METHOD_MATCH = YES;
				COPY_PHASE_STRIP = NO;
				DEBUG_INFORMATION_FORMAT = "dwarf-with-dsym";
				ENABLE_NS_ASSERTIONS = NO;
				ENABLE_STRICT_OBJC_MSGSEND = YES;
				GCC_C_LANGUAGE_STANDARD = gnu11;
				GCC_NO_COMMON_BLOCKS = YES;
				GCC_WARN_64_TO_32_BIT_CONVERSION = YES;
				GCC_WARN_ABOUT_RETURN_TYPE = YES_ERROR;
				GCC_WARN_UNDECLARED_SELECTOR = YES;
				GCC_WARN_UNINITIALIZED_AUTOS = YES_AGGRESSIVE;
				GCC_WARN_UNUSED_FUNCTION = YES;
				GCC_WARN_UNUSED_VARIABLE = YES;
				IPHONEOS_DEPLOYMENT_TARGET = 13.5;
				MTL_ENABLE_DEBUG_INFO = NO;
				MTL_FAST_MATH = YES;
				SDKROOT = iphoneos;
				SWIFT_COMPILATION_MODE = wholemodule;
				SWIFT_OPTIMIZATION_LEVEL = "-O";
				VALIDATE_PRODUCT = YES;
			};
			name = Release;
		};
		AF4DDE8724B888EB00C90DC2 /* Debug */ = {
			isa = XCBuildConfiguration;
			buildSettings = {
				ASSETCATALOG_COMPILER_APPICON_NAME = AppIcon;
				CODE_SIGN_STYLE = Automatic;
				DEVELOPMENT_TEAM = 5VHP26FZ76;
				INFOPLIST_FILE = "dynamic scrollview/Info.plist";
				LD_RUNPATH_SEARCH_PATHS = (
					"$(inherited)",
					"@executable_path/Frameworks",
				);
				PRODUCT_BUNDLE_IDENTIFIER = "xyz.shishir.dynamic-scrollview";
				PRODUCT_NAME = "$(TARGET_NAME)";
				SWIFT_VERSION = 5.0;
				TARGETED_DEVICE_FAMILY = "1,2";
			};
			name = Debug;
		};
		AF4DDE8824B888EB00C90DC2 /* Release */ = {
			isa = XCBuildConfiguration;
			buildSettings = {
				ASSETCATALOG_COMPILER_APPICON_NAME = AppIcon;
				CODE_SIGN_STYLE = Automatic;
				DEVELOPMENT_TEAM = 5VHP26FZ76;
				INFOPLIST_FILE = "dynamic scrollview/Info.plist";
				LD_RUNPATH_SEARCH_PATHS = (
					"$(inherited)",
					"@executable_path/Frameworks",
				);
				PRODUCT_BUNDLE_IDENTIFIER = "xyz.shishir.dynamic-scrollview";
				PRODUCT_NAME = "$(TARGET_NAME)";
				SWIFT_VERSION = 5.0;
				TARGETED_DEVICE_FAMILY = "1,2";
			};
			name = Release;
		};
		AF4DDE8A24B888EB00C90DC2 /* Debug */ = {
			isa = XCBuildConfiguration;
			buildSettings = {
				ALWAYS_EMBED_SWIFT_STANDARD_LIBRARIES = YES;
				BUNDLE_LOADER = "$(TEST_HOST)";
				CODE_SIGN_STYLE = Automatic;
				DEVELOPMENT_TEAM = 5VHP26FZ76;
				INFOPLIST_FILE = "dynamic scrollviewTests/Info.plist";
				IPHONEOS_DEPLOYMENT_TARGET = 13.5;
				LD_RUNPATH_SEARCH_PATHS = (
					"$(inherited)",
					"@executable_path/Frameworks",
					"@loader_path/Frameworks",
				);
				PRODUCT_BUNDLE_IDENTIFIER = "xyz.shishir.dynamic-scrollviewTests";
				PRODUCT_NAME = "$(TARGET_NAME)";
				SWIFT_VERSION = 5.0;
				TARGETED_DEVICE_FAMILY = "1,2";
				TEST_HOST = "$(BUILT_PRODUCTS_DIR)/dynamic scrollview.app/dynamic scrollview";
			};
			name = Debug;
		};
		AF4DDE8B24B888EB00C90DC2 /* Release */ = {
			isa = XCBuildConfiguration;
			buildSettings = {
				ALWAYS_EMBED_SWIFT_STANDARD_LIBRARIES = YES;
				BUNDLE_LOADER = "$(TEST_HOST)";
				CODE_SIGN_STYLE = Automatic;
				DEVELOPMENT_TEAM = 5VHP26FZ76;
				INFOPLIST_FILE = "dynamic scrollviewTests/Info.plist";
				IPHONEOS_DEPLOYMENT_TARGET = 13.5;
				LD_RUNPATH_SEARCH_PATHS = (
					"$(inherited)",
					"@executable_path/Frameworks",
					"@loader_path/Frameworks",
				);
				PRODUCT_BUNDLE_IDENTIFIER = "xyz.shishir.dynamic-scrollviewTests";
				PRODUCT_NAME = "$(TARGET_NAME)";
				SWIFT_VERSION = 5.0;
				TARGETED_DEVICE_FAMILY = "1,2";
				TEST_HOST = "$(BUILT_PRODUCTS_DIR)/dynamic scrollview.app/dynamic scrollview";
			};
			name = Release;
		};
		AF4DDE8D24B888EB00C90DC2 /* Debug */ = {
			isa = XCBuildConfiguration;
			buildSettings = {
				ALWAYS_EMBED_SWIFT_STANDARD_LIBRARIES = YES;
				CODE_SIGN_STYLE = Automatic;
				DEVELOPMENT_TEAM = 5VHP26FZ76;
				INFOPLIST_FILE = "dynamic scrollviewUITests/Info.plist";
				LD_RUNPATH_SEARCH_PATHS = (
					"$(inherited)",
					"@executable_path/Frameworks",
					"@loader_path/Frameworks",
				);
				PRODUCT_BUNDLE_IDENTIFIER = "xyz.shishir.dynamic-scrollviewUITests";
				PRODUCT_NAME = "$(TARGET_NAME)";
				SWIFT_VERSION = 5.0;
				TARGETED_DEVICE_FAMILY = "1,2";
				TEST_TARGET_NAME = "dynamic scrollview";
			};
			name = Debug;
		};
		AF4DDE8E24B888EB00C90DC2 /* Release */ = {
			isa = XCBuildConfiguration;
			buildSettings = {
				ALWAYS_EMBED_SWIFT_STANDARD_LIBRARIES = YES;
				CODE_SIGN_STYLE = Automatic;
				DEVELOPMENT_TEAM = 5VHP26FZ76;
				INFOPLIST_FILE = "dynamic scrollviewUITests/Info.plist";
				LD_RUNPATH_SEARCH_PATHS = (
					"$(inherited)",
					"@executable_path/Frameworks",
					"@loader_path/Frameworks",
				);
				PRODUCT_BUNDLE_IDENTIFIER = "xyz.shishir.dynamic-scrollviewUITests";
				PRODUCT_NAME = "$(TARGET_NAME)";
				SWIFT_VERSION = 5.0;
				TARGETED_DEVICE_FAMILY = "1,2";
				TEST_TARGET_NAME = "dynamic scrollview";
			};
			name = Release;
		};
/* End XCBuildConfiguration section */

/* Begin XCConfigurationList section */
		AF4DDE5724B888D400C90DC2 /* Build configuration list for PBXProject "dynamic scrollview" */ = {
			isa = XCConfigurationList;
			buildConfigurations = (
				AF4DDE8424B888EB00C90DC2 /* Debug */,
				AF4DDE8524B888EB00C90DC2 /* Release */,
			);
			defaultConfigurationIsVisible = 0;
			defaultConfigurationName = Release;
		};
		AF4DDE8624B888EB00C90DC2 /* Build configuration list for PBXNativeTarget "dynamic scrollview" */ = {
			isa = XCConfigurationList;
			buildConfigurations = (
				AF4DDE8724B888EB00C90DC2 /* Debug */,
				AF4DDE8824B888EB00C90DC2 /* Release */,
			);
			defaultConfigurationIsVisible = 0;
			defaultConfigurationName = Release;
		};
		AF4DDE8924B888EB00C90DC2 /* Build configuration list for PBXNativeTarget "dynamic scrollviewTests" */ = {
			isa = XCConfigurationList;
			buildConfigurations = (
				AF4DDE8A24B888EB00C90DC2 /* Debug */,
				AF4DDE8B24B888EB00C90DC2 /* Release */,
			);
			defaultConfigurationIsVisible = 0;
			defaultConfigurationName = Release;
		};
		AF4DDE8C24B888EB00C90DC2 /* Build configuration list for PBXNativeTarget "dynamic scrollviewUITests" */ = {
			isa = XCConfigurationList;
			buildConfigurations = (
				AF4DDE8D24B888EB00C90DC2 /* Debug */,
				AF4DDE8E24B888EB00C90DC2 /* Release */,
			);
			defaultConfigurationIsVisible = 0;
			defaultConfigurationName = Release;
		};
/* End XCConfigurationList section */
	};
	rootObject = AF4DDE5424B888D400C90DC2 /* Project object */;
}
